{
  "version": 4,
  "terraform_version": "1.11.1",
  "serial": 97,
  "lineage": "29411ad0-189c-8640-7ebf-7cd01a7a64ff",
  "outputs": {
    "codebuild_role_arn": {
      "value": "arn:aws:iam::008893372207:role/testingpipelineravii-codebuild-role",
      "type": "string"
    },
    "codepipeline_name": {
      "value": "testingpipelineravii-pipeline",
      "type": "string"
    },
    "codepipeline_role_arn": {
      "value": "arn:aws:iam::008893372207:role/testingpipelineravii-codepipeline-role",
      "type": "string"
    }
  },
  "resources": [
    {
      "mode": "managed",
      "type": "aws_codebuild_project",
      "name": "build",
      "provider": "provider[\"registry.terraform.io/hashicorp/aws\"]",
      "instances": [
        {
          "schema_version": 0,
          "attributes": {
            "arn": "arn:aws:codebuild:us-east-1:008893372207:project/codebuild-testingpipelineravii",
            "artifacts": [
              {
                "artifact_identifier": "",
                "bucket_owner_access": "",
                "encryption_disabled": false,
                "location": "",
                "name": "codebuild-testingpipelineravii",
                "namespace_type": "",
                "override_artifact_name": false,
                "packaging": "NONE",
                "path": "",
                "type": "CODEPIPELINE"
              }
            ],
            "badge_enabled": false,
            "badge_url": "",
            "build_batch_config": [],
            "build_timeout": 60,
            "cache": [
              {
                "location": "",
                "modes": [],
                "type": "NO_CACHE"
              }
            ],
            "concurrent_build_limit": 0,
            "description": "CodeBuild project for testingpipelineravii",
            "encryption_key": "arn:aws:kms:us-east-1:008893372207:alias/aws/s3",
            "environment": [
              {
                "certificate": "",
                "compute_type": "BUILD_GENERAL1_SMALL",
                "environment_variable": [],
                "image": "aws/codebuild/standard:7.0",
                "image_pull_credentials_type": "CODEBUILD",
                "privileged_mode": false,
                "registry_credential": [],
                "type": "LINUX_CONTAINER"
              }
            ],
            "file_system_locations": [],
            "id": "arn:aws:codebuild:us-east-1:008893372207:project/codebuild-testingpipelineravii",
            "logs_config": [
              {
                "cloudwatch_logs": [
                  {
                    "group_name": "",
                    "status": "ENABLED",
                    "stream_name": ""
                  }
                ],
                "s3_logs": [
                  {
                    "bucket_owner_access": "",
                    "encryption_disabled": false,
                    "location": "",
                    "status": "DISABLED"
                  }
                ]
              }
            ],
            "name": "codebuild-testingpipelineravii",
            "project_visibility": "PRIVATE",
            "public_project_alias": "",
            "queued_timeout": 480,
            "resource_access_role": "",
            "secondary_artifacts": [],
            "secondary_source_version": [],
            "secondary_sources": [],
            "service_role": "arn:aws:iam::008893372207:role/testingpipelineravii-codebuild-role",
            "source": [
              {
                "auth": [],
                "build_status_config": [],
                "buildspec": "buildspec.yml",
                "git_clone_depth": 0,
                "git_submodules_config": [],
                "insecure_ssl": false,
                "location": "",
                "report_build_status": false,
                "type": "CODEPIPELINE"
              }
            ],
            "source_version": "",
            "tags": {},
            "tags_all": {},
            "vpc_config": []
          },
          "sensitive_attributes": [],
          "private": "bnVsbA==",
          "dependencies": [
            "aws_iam_role.codebuild_role"
          ]
        }
      ]
    },
    {
      "mode": "managed",
      "type": "aws_codepipeline",
      "name": "pipeline",
      "provider": "provider[\"registry.terraform.io/hashicorp/aws\"]",
      "instances": [
        {
          "schema_version": 0,
          "attributes": {
            "arn": "arn:aws:codepipeline:us-east-1:008893372207:testingpipelineravii-pipeline",
            "artifact_store": [
              {
                "encryption_key": [],
                "location": "aws-cloudtrail-logs--inventory",
                "region": "",
                "type": "S3"
              }
            ],
            "id": "testingpipelineravii-pipeline",
            "name": "testingpipelineravii-pipeline",
            "role_arn": "arn:aws:iam::008893372207:role/testingpipelineravii-codepipeline-role",
            "stage": [
              {
                "action": [
                  {
                    "category": "Source",
                    "configuration": {
                      "BranchName": "main",
                      "ConnectionArn": "arn:aws:codeconnections:us-east-1:008893372207:connection/3a79559b-dda5-4bc4-bc67-3bc0a3acd502",
                      "FullRepositoryId": "LCO18371/multibranch-sample-app",
                      "OutputArtifactFormat": "CODE_ZIP"
                    },
                    "input_artifacts": [],
                    "name": "Source",
                    "namespace": "",
                    "output_artifacts": [
                      "SourceArtifact"
                    ],
                    "owner": "AWS",
                    "provider": "CodeStarSourceConnection",
                    "region": "us-east-1",
                    "role_arn": "",
                    "run_order": 1,
                    "version": "1"
                  }
                ],
                "name": "Source"
              },
              {
                "action": [
                  {
                    "category": "Build",
                    "configuration": {
                      "ProjectName": "codebuild-testingpipelineravii"
                    },
                    "input_artifacts": [
                      "SourceArtifact"
                    ],
                    "name": "Build",
                    "namespace": "",
                    "output_artifacts": [
                      "BuildArtifact"
                    ],
                    "owner": "AWS",
                    "provider": "CodeBuild",
                    "region": "",
                    "role_arn": "",
                    "run_order": 1,
                    "version": "1"
                  }
                ],
                "name": "Build"
              },
              {
                "action": [
                  {
                    "category": "Deploy",
                    "configuration": {
                      "ActionMode": "CHANGE_SET_REPLACE",
                      "Capabilities": "CAPABILITY_IAM,CAPABILITY_AUTO_EXPAND,CAPABILITY_NAMED_IAM",
                      "ChangeSetName": "pipeline-changeset",
                      "RoleArn": "arn:aws:iam::008893372207:role/testingpipelineravii-cloudformation-role",
                      "StackName": "testingpipelineravii-serverless-stack",
                      "TemplateConfiguration": "SourceArtifact::params.json",
                      "TemplatePath": "BuildArtifact::output.sam.json"
                    },
                    "input_artifacts": [
                      "BuildArtifact",
                      "SourceArtifact"
                    ],
                    "name": "CreateChangeSet",
                    "namespace": "",
                    "output_artifacts": [],
                    "owner": "AWS",
                    "provider": "CloudFormation",
                    "region": "",
                    "role_arn": "",
                    "run_order": 1,
                    "version": "1"
                  },
                  {
                    "category": "Approval",
                    "configuration": null,
                    "input_artifacts": null,
                    "name": "ManualApproval",
                    "namespace": "",
                    "output_artifacts": null,
                    "owner": "AWS",
                    "provider": "Manual",
                    "region": "",
                    "role_arn": "",
                    "run_order": 1,
                    "version": "1"
                  },
                  {
                    "category": "Deploy",
                    "configuration": {
                      "ActionMode": "CHANGE_SET_EXECUTE",
                      "ChangeSetName": "pipeline-changeset",
                      "RoleArn": "arn:aws:iam::008893372207:role/testingpipelineravii-cloudformation-role",
                      "StackName": "testingpipelineravii-serverless-stack"
                    },
                    "input_artifacts": [
                      "BuildArtifact",
                      "SourceArtifact"
                    ],
                    "name": "ExecuteChangeSet",
                    "namespace": "",
                    "output_artifacts": null,
                    "owner": "AWS",
                    "provider": "CloudFormation",
                    "region": "",
                    "role_arn": "",
                    "run_order": 1,
                    "version": "1"
                  }
                ],
                "name": "Deploy"
              }
            ],
            "tags": {},
            "tags_all": {}
          },
          "sensitive_attributes": [],
          "private": "bnVsbA==",
          "dependencies": [
            "aws_codebuild_project.build",
            "aws_iam_role.cloudformation_role",
            "aws_iam_role.codebuild_role",
            "aws_iam_role.codepipeline_role"
          ]
        }
      ]
    },
    {
      "mode": "managed",
      "type": "aws_iam_policy",
      "name": "cloudformation_policy",
      "provider": "provider[\"registry.terraform.io/hashicorp/aws\"]",
      "instances": [
        {
          "schema_version": 0,
          "attributes": {
            "arn": "arn:aws:iam::008893372207:policy/testingpipelineravii-cloudformation-policy",
            "description": "",
            "id": "arn:aws:iam::008893372207:policy/testingpipelineravii-cloudformation-policy",
            "name": "testingpipelineravii-cloudformation-policy",
            "name_prefix": "",
            "path": "/",
            "policy": "{\"Statement\":[{\"Action\":\"*\",\"Effect\":\"Allow\",\"Resource\":\"*\"}],\"Version\":\"2012-10-17\"}",
            "policy_id": "ANPAQEEQWC4X2UNZOBX6U",
            "tags": {},
            "tags_all": {}
          },
          "sensitive_attributes": [],
          "private": "bnVsbA=="
        }
      ]
    },
    {
      "mode": "managed",
      "type": "aws_iam_policy",
      "name": "codebuild_policy",
      "provider": "provider[\"registry.terraform.io/hashicorp/aws\"]",
      "instances": [
        {
          "schema_version": 0,
          "attributes": {
            "arn": "arn:aws:iam::008893372207:policy/testingpipelineravii-codebuild-policy",
            "description": "",
            "id": "arn:aws:iam::008893372207:policy/testingpipelineravii-codebuild-policy",
            "name": "testingpipelineravii-codebuild-policy",
            "name_prefix": "",
            "path": "/",
            "policy": "{\"Statement\":[{\"Action\":\"*\",\"Effect\":\"Allow\",\"Resource\":\"*\"}],\"Version\":\"2012-10-17\"}",
            "policy_id": "ANPAQEEQWC4X5B43JS7R4",
            "tags": {},
            "tags_all": {}
          },
          "sensitive_attributes": [],
          "private": "bnVsbA=="
        }
      ]
    },
    {
      "mode": "managed",
      "type": "aws_iam_policy",
      "name": "codepipeline_policy",
      "provider": "provider[\"registry.terraform.io/hashicorp/aws\"]",
      "instances": [
        {
          "schema_version": 0,
          "attributes": {
            "arn": "arn:aws:iam::008893372207:policy/testingpipelineravii-codepipeline-policy",
            "description": "",
            "id": "arn:aws:iam::008893372207:policy/testingpipelineravii-codepipeline-policy",
            "name": "testingpipelineravii-codepipeline-policy",
            "name_prefix": "",
            "path": "/",
            "policy": "{\"Statement\":[{\"Action\":\"*\",\"Effect\":\"Allow\",\"Resource\":\"*\"}],\"Version\":\"2012-10-17\"}",
            "policy_id": "ANPAQEEQWC4X2FX6BC2FN",
            "tags": {},
            "tags_all": {}
          },
          "sensitive_attributes": [],
          "private": "bnVsbA=="
        }
      ]
    },
    {
      "mode": "managed",
      "type": "aws_iam_role",
      "name": "cloudformation_role",
      "provider": "provider[\"registry.terraform.io/hashicorp/aws\"]",
      "instances": [
        {
          "schema_version": 0,
          "attributes": {
            "arn": "arn:aws:iam::008893372207:role/testingpipelineravii-cloudformation-role",
            "assume_role_policy": "{\"Statement\":[{\"Action\":\"sts:AssumeRole\",\"Effect\":\"Allow\",\"Principal\":{\"Service\":\"cloudformation.amazonaws.com\"}}],\"Version\":\"2012-10-17\"}",
            "create_date": "2025-03-11T06:04:05Z",
            "description": "",
            "force_detach_policies": false,
            "id": "testingpipelineravii-cloudformation-role",
            "inline_policy": [],
            "managed_policy_arns": [
              "arn:aws:iam::008893372207:policy/testingpipelineravii-cloudformation-policy"
            ],
            "max_session_duration": 3600,
            "name": "testingpipelineravii-cloudformation-role",
            "name_prefix": "",
            "path": "/",
            "permissions_boundary": null,
            "role_last_used": [
              {
                "last_used_date": "",
                "region": ""
              }
            ],
            "tags": {},
            "tags_all": {},
            "unique_id": "AROAQEEQWC4X735K5PO7K"
          },
          "sensitive_attributes": [],
          "private": "bnVsbA=="
        }
      ]
    },
    {
      "mode": "managed",
      "type": "aws_iam_role",
      "name": "codebuild_role",
      "provider": "provider[\"registry.terraform.io/hashicorp/aws\"]",
      "instances": [
        {
          "schema_version": 0,
          "attributes": {
            "arn": "arn:aws:iam::008893372207:role/testingpipelineravii-codebuild-role",
            "assume_role_policy": "{\"Statement\":[{\"Action\":\"sts:AssumeRole\",\"Effect\":\"Allow\",\"Principal\":{\"Service\":\"codebuild.amazonaws.com\"}}],\"Version\":\"2012-10-17\"}",
            "create_date": "2025-03-11T06:04:05Z",
            "description": "",
            "force_detach_policies": false,
            "id": "testingpipelineravii-codebuild-role",
            "inline_policy": [],
            "managed_policy_arns": [
              "arn:aws:iam::008893372207:policy/testingpipelineravii-codebuild-policy"
            ],
            "max_session_duration": 3600,
            "name": "testingpipelineravii-codebuild-role",
            "name_prefix": "",
            "path": "/",
            "permissions_boundary": null,
            "role_last_used": [
              {
                "last_used_date": "2025-03-11T07:04:02Z",
                "region": "us-east-1"
              }
            ],
            "tags": {},
            "tags_all": {},
            "unique_id": "AROAQEEQWC4XRG3ISUEU4"
          },
          "sensitive_attributes": [],
          "private": "bnVsbA=="
        }
      ]
    },
    {
      "mode": "managed",
      "type": "aws_iam_role",
      "name": "codepipeline_role",
      "provider": "provider[\"registry.terraform.io/hashicorp/aws\"]",
      "instances": [
        {
          "schema_version": 0,
          "attributes": {
            "arn": "arn:aws:iam::008893372207:role/testingpipelineravii-codepipeline-role",
            "assume_role_policy": "{\"Statement\":[{\"Action\":\"sts:AssumeRole\",\"Effect\":\"Allow\",\"Principal\":{\"Service\":\"codepipeline.amazonaws.com\"}}],\"Version\":\"2012-10-17\"}",
            "create_date": "2025-03-11T06:04:05Z",
            "description": "",
            "force_detach_policies": false,
            "id": "testingpipelineravii-codepipeline-role",
            "inline_policy": [],
            "managed_policy_arns": [
              "arn:aws:iam::008893372207:policy/testingpipelineravii-codepipeline-policy"
            ],
            "max_session_duration": 3600,
            "name": "testingpipelineravii-codepipeline-role",
            "name_prefix": "",
            "path": "/",
            "permissions_boundary": null,
            "role_last_used": [
              {
                "last_used_date": "2025-03-11T07:04:29Z",
                "region": "us-east-1"
              }
            ],
            "tags": {},
            "tags_all": {},
            "unique_id": "AROAQEEQWC4XYKNUB3J4B"
          },
          "sensitive_attributes": [],
          "private": "bnVsbA=="
        }
      ]
    },
    {
      "mode": "managed",
      "type": "aws_iam_role_policy_attachment",
      "name": "cloudformation_attach",
      "provider": "provider[\"registry.terraform.io/hashicorp/aws\"]",
      "instances": [
        {
          "schema_version": 0,
          "attributes": {
            "id": "testingpipelineravii-cloudformation-role-20250311060405820400000002",
            "policy_arn": "arn:aws:iam::008893372207:policy/testingpipelineravii-cloudformation-policy",
            "role": "testingpipelineravii-cloudformation-role"
          },
          "sensitive_attributes": [],
          "private": "bnVsbA==",
          "dependencies": [
            "aws_iam_policy.cloudformation_policy",
            "aws_iam_role.cloudformation_role"
          ]
        }
      ]
    },
    {
      "mode": "managed",
      "type": "aws_iam_role_policy_attachment",
      "name": "codebuild_attach",
      "provider": "provider[\"registry.terraform.io/hashicorp/aws\"]",
      "instances": [
        {
          "schema_version": 0,
          "attributes": {
            "id": "testingpipelineravii-codebuild-role-20250311060405834200000003",
            "policy_arn": "arn:aws:iam::008893372207:policy/testingpipelineravii-codebuild-policy",
            "role": "testingpipelineravii-codebuild-role"
          },
          "sensitive_attributes": [],
          "private": "bnVsbA==",
          "dependencies": [
            "aws_iam_policy.codebuild_policy",
            "aws_iam_role.codebuild_role"
          ]
        }
      ]
    },
    {
      "mode": "managed",
      "type": "aws_iam_role_policy_attachment",
      "name": "codepipeline_attach",
      "provider": "provider[\"registry.terraform.io/hashicorp/aws\"]",
      "instances": [
        {
          "schema_version": 0,
          "attributes": {
            "id": "testingpipelineravii-codepipeline-role-20250311060405715300000001",
            "policy_arn": "arn:aws:iam::008893372207:policy/testingpipelineravii-codepipeline-policy",
            "role": "testingpipelineravii-codepipeline-role"
          },
          "sensitive_attributes": [],
          "private": "bnVsbA==",
          "dependencies": [
            "aws_iam_policy.codepipeline_policy",
            "aws_iam_role.codepipeline_role"
          ]
        }
      ]
    }
  ],
  "check_results": null
}
